
Microsoft Visual Studio Solution File, Format Version 12.00
# Visual Studio Version 16
VisualStudioVersion = 16.0.29418.71
MinimumVisualStudioVersion = 10.0.40219.1
Project("{FAE04EC0-301F-11D3-BF4B-00C04F79EFBC}") = "Polygonz", "Polygonz\Polygonz.csproj", "{AF773C03-BEE4-4085-9FAC-7D6150918BA0}"
EndProject
Project("{FAE04EC0-301F-11D3-BF4B-00C04F79EFBC}") = "DifferentShapes", "DifferentShapes\DifferentShapes.csproj", "{DC7345F3-8C31-465B-813A-48FDC2ED2001}"
EndProject
Global
	GlobalSection(SolutionConfigurationPlatforms) = preSolution
		Debug|Any CPU = Debug|Any CPU
		Release|Any CPU = Release|Any CPU
	EndGlobalSection
	GlobalSection(ProjectConfigurationPlatforms) = postSolution
		{AF773C03-BEE4-4085-9FAC-7D6150918BA0}.Debug|Any CPU.ActiveCfg = Debug|Any CPU
		{AF773C03-BEE4-4085-9FAC-7D6150918BA0}.Debug|Any CPU.Build.0 = Debug|Any CPU
		{AF773C03-BEE4-4085-9FAC-7D6150918BA0}.Release|Any CPU.ActiveCfg = Release|Any CPU
		{AF773C03-BEE4-4085-9FAC-7D6150918BA0}.Release|Any CPU.Build.0 = Release|Any CPU
		{DC7345F3-8C31-465B-813A-48FDC2ED2001}.Debug|Any CPU.ActiveCfg = Debug|Any CPU
		{DC7345F3-8C31-465B-813A-48FDC2ED2001}.Debug|Any CPU.Build.0 = Debug|Any CPU
		{DC7345F3-8C31-465B-813A-48FDC2ED2001}.Release|Any CPU.ActiveCfg = Release|Any CPU
		{DC7345F3-8C31-465B-813A-48FDC2ED2001}.Release|Any CPU.Build.0 = Release|Any CPU
	EndGlobalSection
	GlobalSection(SolutionProperties) = preSolution
		HideSolutionNode = FALSE
	EndGlobalSection
	GlobalSection(ExtensibilityGlobals) = postSolution
		SolutionGuid = {19ACAA73-6EF7-430F-849F-DAC162E3BB6A}
	EndGlobalSection
EndGlobal
